
Microsoft Visual Studio Solution File, Format Version 12.00
# Visual Studio Version 17
VisualStudioVersion = 17.9.34728.123
MinimumVisualStudioVersion = 10.0.40219.1
Project("{FAE04EC0-301F-11D3-BF4B-00C04F79EFBC}") = "assignment 2.1.3", "assignment 2.1.3.csproj", "{AFE79442-948F-46D5-AC9C-939B63BFD275}"
EndProject
Global
	GlobalSection(SolutionConfigurationPlatforms) = preSolution
		Debug|Any CPU = Debug|Any CPU
		Release|Any CPU = Release|Any CPU
	EndGlobalSection
	GlobalSection(ProjectConfigurationPlatforms) = postSolution
		{AFE79442-948F-46D5-AC9C-939B63BFD275}.Debug|Any CPU.ActiveCfg = Debug|Any CPU
		{AFE79442-948F-46D5-AC9C-939B63BFD275}.Debug|Any CPU.Build.0 = Debug|Any CPU
		{AFE79442-948F-46D5-AC9C-939B63BFD275}.Release|Any CPU.ActiveCfg = Release|Any CPU
		{AFE79442-948F-46D5-AC9C-939B63BFD275}.Release|Any CPU.Build.0 = Release|Any CPU
	EndGlobalSection
	GlobalSection(SolutionProperties) = preSolution
		HideSolutionNode = FALSE
	EndGlobalSection
	GlobalSection(ExtensibilityGlobals) = postSolution
		SolutionGuid = {917F6994-B128-4D4E-9F20-782409BE4270}
	EndGlobalSection
EndGlobal
